// !$*UTF8*$!
{
	archiveVersion = 1;
	classes = {
	};
	objectVersion = 46;
	objects = {

/* Begin PBXBuildFile section */
		53A34BCB1D1FC4A60043144E /* UserViewController.m in Sources */ = {isa = PBXBuildFile; fileRef = 53A34BC91D1FC4A60043144E /* UserViewController.m */; };
		53A34BCC1D1FC4A60043144E /* UserViewController.xib in Resources */ = {isa = PBXBuildFile; fileRef = 53A34BCA1D1FC4A60043144E /* UserViewController.xib */; };
		53A34BD11D2011380043144E /* UserInfoCommonTableViewCell.m in Sources */ = {isa = PBXBuildFile; fileRef = 53A34BCF1D2011370043144E /* UserInfoCommonTableViewCell.m */; };
		53A34BD21D2011380043144E /* UserInfoCommonTableViewCell.xib in Resources */ = {isa = PBXBuildFile; fileRef = 53A34BD01D2011370043144E /* UserInfoCommonTableViewCell.xib */; };
		53A34BD61D20115D0043144E /* UserInfoImageTableViewCell.m in Sources */ = {isa = PBXBuildFile; fileRef = 53A34BD41D20115D0043144E /* UserInfoImageTableViewCell.m */; };
		53A34BD71D20115D0043144E /* UserInfoImageTableViewCell.xib in Resources */ = {isa = PBXBuildFile; fileRef = 53A34BD51D20115D0043144E /* UserInfoImageTableViewCell.xib */; };
		53A34BDA1D2014D10043144E /* UserInfo.m in Sources */ = {isa = PBXBuildFile; fileRef = 53A34BD91D2014D10043144E /* UserInfo.m */; };
		53F36E241D1ADADB00C8DBB2 /* LoginViewController.m in Sources */ = {isa = PBXBuildFile; fileRef = 53F36E221D1ADADB00C8DBB2 /* LoginViewController.m */; };
		53F36E251D1ADADB00C8DBB2 /* LoginViewController.xib in Resources */ = {isa = PBXBuildFile; fileRef = 53F36E231D1ADADB00C8DBB2 /* LoginViewController.xib */; };
		53F36E291D1AE2E000C8DBB2 /* RegisterViewController.m in Sources */ = {isa = PBXBuildFile; fileRef = 53F36E271D1AE2E000C8DBB2 /* RegisterViewController.m */; };
		53F36E2A1D1AE2E000C8DBB2 /* RegisterViewController.xib in Resources */ = {isa = PBXBuildFile; fileRef = 53F36E281D1AE2E000C8DBB2 /* RegisterViewController.xib */; };
		69E4BE551D1D107800B555FD /* HomePageViewController.m in Sources */ = {isa = PBXBuildFile; fileRef = 69E4BE531D1D107800B555FD /* HomePageViewController.m */; };
		69E4BE561D1D107900B555FD /* HomePageViewController.xib in Resources */ = {isa = PBXBuildFile; fileRef = 69E4BE541D1D107800B555FD /* HomePageViewController.xib */; };
		69E4BE5A1D1D108C00B555FD /* PhoneViewController.m in Sources */ = {isa = PBXBuildFile; fileRef = 69E4BE581D1D108C00B555FD /* PhoneViewController.m */; };
		69E4BE5B1D1D108C00B555FD /* PhoneViewController.xib in Resources */ = {isa = PBXBuildFile; fileRef = 69E4BE591D1D108C00B555FD /* PhoneViewController.xib */; };
		69E4BE641D1D10B300B555FD /* CheckInViewController.m in Sources */ = {isa = PBXBuildFile; fileRef = 69E4BE621D1D10B300B555FD /* CheckInViewController.m */; };
		69E4BE651D1D10B300B555FD /* CheckInViewController.xib in Resources */ = {isa = PBXBuildFile; fileRef = 69E4BE631D1D10B300B555FD /* CheckInViewController.xib */; };
		69E4BE691D1D10DF00B555FD /* ContactsViewController.m in Sources */ = {isa = PBXBuildFile; fileRef = 69E4BE671D1D10DF00B555FD /* ContactsViewController.m */; };
		69E4BE6A1D1D10DF00B555FD /* ContactsViewController.xib in Resources */ = {isa = PBXBuildFile; fileRef = 69E4BE681D1D10DF00B555FD /* ContactsViewController.xib */; };
		69E4BE6D1D1D1E6800B555FD /* UserInfoManager.m in Sources */ = {isa = PBXBuildFile; fileRef = 69E4BE6C1D1D1E6800B555FD /* UserInfoManager.m */; };
		69E6847E1D1E78880092F031 /* CustomTabBarController.m in Sources */ = {isa = PBXBuildFile; fileRef = 69E6847D1D1E78880092F031 /* CustomTabBarController.m */; };
		69E684821D1E877B0092F031 /* UIButton+CountDown.m in Sources */ = {isa = PBXBuildFile; fileRef = 69E684811D1E877B0092F031 /* UIButton+CountDown.m */; };
		69E684851D1E96CE0092F031 /* UIColor+HEX.m in Sources */ = {isa = PBXBuildFile; fileRef = 69E684841D1E96CE0092F031 /* UIColor+HEX.m */; };
		7C04FBC21D1A69AF00414252 /* main.m in Sources */ = {isa = PBXBuildFile; fileRef = 7C04FBC11D1A69AF00414252 /* main.m */; };
		7C04FBC51D1A69AF00414252 /* AppDelegate.m in Sources */ = {isa = PBXBuildFile; fileRef = 7C04FBC41D1A69AF00414252 /* AppDelegate.m */; };
		7C04FBCD1D1A69AF00414252 /* Assets.xcassets in Resources */ = {isa = PBXBuildFile; fileRef = 7C04FBCC1D1A69AF00414252 /* Assets.xcassets */; };
		7C04FBD01D1A69AF00414252 /* LaunchScreen.storyboard in Resources */ = {isa = PBXBuildFile; fileRef = 7C04FBCE1D1A69AF00414252 /* LaunchScreen.storyboard */; };
		9759ADE1ADA94CA693249676 /* libPods.a in Frameworks */ = {isa = PBXBuildFile; fileRef = F403DA16C4CB879B3CB0AE82 /* libPods.a */; };
/* End PBXBuildFile section */

/* Begin PBXFileReference section */
		53A34BC81D1FC4A60043144E /* UserViewController.h */ = {isa = PBXFileReference; fileEncoding = 4; lastKnownFileType = sourcecode.c.h; name = UserViewController.h; path = User/UserViewController.h; sourceTree = "<group>"; };
		53A34BC91D1FC4A60043144E /* UserViewController.m */ = {isa = PBXFileReference; fileEncoding = 4; lastKnownFileType = sourcecode.c.objc; name = UserViewController.m; path = User/UserViewController.m; sourceTree = "<group>"; };
		53A34BCA1D1FC4A60043144E /* UserViewController.xib */ = {isa = PBXFileReference; fileEncoding = 4; lastKnownFileType = file.xib; name = UserViewController.xib; path = User/UserViewController.xib; sourceTree = "<group>"; };
		53A34BCE1D2011370043144E /* UserInfoCommonTableViewCell.h */ = {isa = PBXFileReference; fileEncoding = 4; lastKnownFileType = sourcecode.c.h; name = UserInfoCommonTableViewCell.h; path = User/UserInfoCommonTableViewCell.h; sourceTree = "<group>"; };
		53A34BCF1D2011370043144E /* UserInfoCommonTableViewCell.m */ = {isa = PBXFileReference; fileEncoding = 4; lastKnownFileType = sourcecode.c.objc; name = UserInfoCommonTableViewCell.m; path = User/UserInfoCommonTableViewCell.m; sourceTree = "<group>"; };
		53A34BD01D2011370043144E /* UserInfoCommonTableViewCell.xib */ = {isa = PBXFileReference; fileEncoding = 4; lastKnownFileType = file.xib; name = UserInfoCommonTableViewCell.xib; path = User/UserInfoCommonTableViewCell.xib; sourceTree = "<group>"; };
		53A34BD31D20115D0043144E /* UserInfoImageTableViewCell.h */ = {isa = PBXFileReference; fileEncoding = 4; lastKnownFileType = sourcecode.c.h; name = UserInfoImageTableViewCell.h; path = User/UserInfoImageTableViewCell.h; sourceTree = "<group>"; };
		53A34BD41D20115D0043144E /* UserInfoImageTableViewCell.m */ = {isa = PBXFileReference; fileEncoding = 4; lastKnownFileType = sourcecode.c.objc; name = UserInfoImageTableViewCell.m; path = User/UserInfoImageTableViewCell.m; sourceTree = "<group>"; };
		53A34BD51D20115D0043144E /* UserInfoImageTableViewCell.xib */ = {isa = PBXFileReference; fileEncoding = 4; lastKnownFileType = file.xib; name = UserInfoImageTableViewCell.xib; path = User/UserInfoImageTableViewCell.xib; sourceTree = "<group>"; };
		53A34BD81D2014D10043144E /* UserInfo.h */ = {isa = PBXFileReference; fileEncoding = 4; lastKnownFileType = sourcecode.c.h; name = UserInfo.h; path = User/UserInfo.h; sourceTree = "<group>"; };
		53A34BD91D2014D10043144E /* UserInfo.m */ = {isa = PBXFileReference; fileEncoding = 4; lastKnownFileType = sourcecode.c.objc; name = UserInfo.m; path = User/UserInfo.m; sourceTree = "<group>"; };
		53F36E211D1ADADB00C8DBB2 /* LoginViewController.h */ = {isa = PBXFileReference; fileEncoding = 4; lastKnownFileType = sourcecode.c.h; name = LoginViewController.h; path = Login/LoginViewController.h; sourceTree = "<group>"; };
		53F36E221D1ADADB00C8DBB2 /* LoginViewController.m */ = {isa = PBXFileReference; fileEncoding = 4; lastKnownFileType = sourcecode.c.objc; name = LoginViewController.m; path = Login/LoginViewController.m; sourceTree = "<group>"; };
		53F36E231D1ADADB00C8DBB2 /* LoginViewController.xib */ = {isa = PBXFileReference; fileEncoding = 4; lastKnownFileType = file.xib; name = LoginViewController.xib; path = Login/LoginViewController.xib; sourceTree = "<group>"; };
		53F36E261D1AE2E000C8DBB2 /* RegisterViewController.h */ = {isa = PBXFileReference; fileEncoding = 4; lastKnownFileType = sourcecode.c.h; name = RegisterViewController.h; path = Login/RegisterViewController.h; sourceTree = "<group>"; };
		53F36E271D1AE2E000C8DBB2 /* RegisterViewController.m */ = {isa = PBXFileReference; fileEncoding = 4; lastKnownFileType = sourcecode.c.objc; name = RegisterViewController.m; path = Login/RegisterViewController.m; sourceTree = "<group>"; };
		53F36E281D1AE2E000C8DBB2 /* RegisterViewController.xib */ = {isa = PBXFileReference; fileEncoding = 4; lastKnownFileType = file.xib; name = RegisterViewController.xib; path = Login/RegisterViewController.xib; sourceTree = "<group>"; };
		63E82F490416CA25014F41CA /* Pods.release.xcconfig */ = {isa = PBXFileReference; includeInIndex = 1; lastKnownFileType = text.xcconfig; name = Pods.release.xcconfig; path = "Pods/Target Support Files/Pods/Pods.release.xcconfig"; sourceTree = "<group>"; };
		69E4BE521D1D107800B555FD /* HomePageViewController.h */ = {isa = PBXFileReference; fileEncoding = 4; lastKnownFileType = sourcecode.c.h; name = HomePageViewController.h; path = HomePage/HomePageViewController.h; sourceTree = "<group>"; };
		69E4BE531D1D107800B555FD /* HomePageViewController.m */ = {isa = PBXFileReference; fileEncoding = 4; lastKnownFileType = sourcecode.c.objc; name = HomePageViewController.m; path = HomePage/HomePageViewController.m; sourceTree = "<group>"; };
		69E4BE541D1D107800B555FD /* HomePageViewController.xib */ = {isa = PBXFileReference; fileEncoding = 4; lastKnownFileType = file.xib; name = HomePageViewController.xib; path = HomePage/HomePageViewController.xib; sourceTree = "<group>"; };
		69E4BE571D1D108C00B555FD /* PhoneViewController.h */ = {isa = PBXFileReference; fileEncoding = 4; lastKnownFileType = sourcecode.c.h; name = PhoneViewController.h; path = Phone/PhoneViewController.h; sourceTree = "<group>"; };
		69E4BE581D1D108C00B555FD /* PhoneViewController.m */ = {isa = PBXFileReference; fileEncoding = 4; lastKnownFileType = sourcecode.c.objc; name = PhoneViewController.m; path = Phone/PhoneViewController.m; sourceTree = "<group>"; };
		69E4BE591D1D108C00B555FD /* PhoneViewController.xib */ = {isa = PBXFileReference; fileEncoding = 4; lastKnownFileType = file.xib; name = PhoneViewController.xib; path = Phone/PhoneViewController.xib; sourceTree = "<group>"; };
		69E4BE611D1D10B300B555FD /* CheckInViewController.h */ = {isa = PBXFileReference; fileEncoding = 4; lastKnownFileType = sourcecode.c.h; name = CheckInViewController.h; path = CheckIn/CheckInViewController.h; sourceTree = "<group>"; };
		69E4BE621D1D10B300B555FD /* CheckInViewController.m */ = {isa = PBXFileReference; fileEncoding = 4; lastKnownFileType = sourcecode.c.objc; name = CheckInViewController.m; path = CheckIn/CheckInViewController.m; sourceTree = "<group>"; };
		69E4BE631D1D10B300B555FD /* CheckInViewController.xib */ = {isa = PBXFileReference; fileEncoding = 4; lastKnownFileType = file.xib; name = CheckInViewController.xib; path = CheckIn/CheckInViewController.xib; sourceTree = "<group>"; };
		69E4BE661D1D10DF00B555FD /* ContactsViewController.h */ = {isa = PBXFileReference; fileEncoding = 4; lastKnownFileType = sourcecode.c.h; name = ContactsViewController.h; path = Contacts/ContactsViewController.h; sourceTree = "<group>"; };
		69E4BE671D1D10DF00B555FD /* ContactsViewController.m */ = {isa = PBXFileReference; fileEncoding = 4; lastKnownFileType = sourcecode.c.objc; name = ContactsViewController.m; path = Contacts/ContactsViewController.m; sourceTree = "<group>"; };
		69E4BE681D1D10DF00B555FD /* ContactsViewController.xib */ = {isa = PBXFileReference; fileEncoding = 4; lastKnownFileType = file.xib; name = ContactsViewController.xib; path = Contacts/ContactsViewController.xib; sourceTree = "<group>"; };
		69E4BE6B1D1D1E6800B555FD /* UserInfoManager.h */ = {isa = PBXFileReference; fileEncoding = 4; lastKnownFileType = sourcecode.c.h; name = UserInfoManager.h; path = Login/UserInfoManager.h; sourceTree = "<group>"; };
		69E4BE6C1D1D1E6800B555FD /* UserInfoManager.m */ = {isa = PBXFileReference; fileEncoding = 4; lastKnownFileType = sourcecode.c.objc; name = UserInfoManager.m; path = Login/UserInfoManager.m; sourceTree = "<group>"; };
		69E6847B1D1E775F0092F031 /* HENotificationKey.h */ = {isa = PBXFileReference; lastKnownFileType = sourcecode.c.h; path = HENotificationKey.h; sourceTree = "<group>"; };
		69E6847C1D1E78880092F031 /* CustomTabBarController.h */ = {isa = PBXFileReference; fileEncoding = 4; lastKnownFileType = sourcecode.c.h; path = CustomTabBarController.h; sourceTree = "<group>"; };
		69E6847D1D1E78880092F031 /* CustomTabBarController.m */ = {isa = PBXFileReference; fileEncoding = 4; lastKnownFileType = sourcecode.c.objc; path = CustomTabBarController.m; sourceTree = "<group>"; };
		69E684801D1E877B0092F031 /* UIButton+CountDown.h */ = {isa = PBXFileReference; fileEncoding = 4; lastKnownFileType = sourcecode.c.h; path = "UIButton+CountDown.h"; sourceTree = "<group>"; };
		69E684811D1E877B0092F031 /* UIButton+CountDown.m */ = {isa = PBXFileReference; fileEncoding = 4; lastKnownFileType = sourcecode.c.objc; path = "UIButton+CountDown.m"; sourceTree = "<group>"; };
		69E684831D1E96CE0092F031 /* UIColor+HEX.h */ = {isa = PBXFileReference; fileEncoding = 4; lastKnownFileType = sourcecode.c.h; path = "UIColor+HEX.h"; sourceTree = "<group>"; };
		69E684841D1E96CE0092F031 /* UIColor+HEX.m */ = {isa = PBXFileReference; fileEncoding = 4; lastKnownFileType = sourcecode.c.objc; path = "UIColor+HEX.m"; sourceTree = "<group>"; };
		7C04FBBD1D1A69AF00414252 /* HealthExpo.app */ = {isa = PBXFileReference; explicitFileType = wrapper.application; includeInIndex = 0; path = HealthExpo.app; sourceTree = BUILT_PRODUCTS_DIR; };
		7C04FBC11D1A69AF00414252 /* main.m */ = {isa = PBXFileReference; lastKnownFileType = sourcecode.c.objc; path = main.m; sourceTree = "<group>"; };
		7C04FBC31D1A69AF00414252 /* AppDelegate.h */ = {isa = PBXFileReference; lastKnownFileType = sourcecode.c.h; path = AppDelegate.h; sourceTree = "<group>"; };
		7C04FBC41D1A69AF00414252 /* AppDelegate.m */ = {isa = PBXFileReference; lastKnownFileType = sourcecode.c.objc; path = AppDelegate.m; sourceTree = "<group>"; };
		7C04FBCC1D1A69AF00414252 /* Assets.xcassets */ = {isa = PBXFileReference; lastKnownFileType = folder.assetcatalog; path = Assets.xcassets; sourceTree = "<group>"; };
		7C04FBCF1D1A69AF00414252 /* Base */ = {isa = PBXFileReference; lastKnownFileType = file.storyboard; name = Base; path = Base.lproj/LaunchScreen.storyboard; sourceTree = "<group>"; };
		7C04FBD11D1A69AF00414252 /* Info.plist */ = {isa = PBXFileReference; lastKnownFileType = text.plist.xml; path = Info.plist; sourceTree = "<group>"; };
		BE62231A479DD1F2F8FA84B9 /* Pods.debug.xcconfig */ = {isa = PBXFileReference; includeInIndex = 1; lastKnownFileType = text.xcconfig; name = Pods.debug.xcconfig; path = "Pods/Target Support Files/Pods/Pods.debug.xcconfig"; sourceTree = "<group>"; };
		F403DA16C4CB879B3CB0AE82 /* libPods.a */ = {isa = PBXFileReference; explicitFileType = archive.ar; includeInIndex = 0; path = libPods.a; sourceTree = BUILT_PRODUCTS_DIR; };
/* End PBXFileReference section */

/* Begin PBXFrameworksBuildPhase section */
		7C04FBBA1D1A69AF00414252 /* Frameworks */ = {
			isa = PBXFrameworksBuildPhase;
			buildActionMask = 2147483647;
			files = (
				9759ADE1ADA94CA693249676 /* libPods.a in Frameworks */,
			);
			runOnlyForDeploymentPostprocessing = 0;
		};
/* End PBXFrameworksBuildPhase section */

/* Begin PBXGroup section */
		34861F2DFE51E919EB04A2E6 /* Frameworks */ = {
			isa = PBXGroup;
			children = (
				F403DA16C4CB879B3CB0AE82 /* libPods.a */,
			);
			name = Frameworks;
			sourceTree = "<group>";
		};
		53A34BC71D1FC41F0043144E /* User */ = {
			isa = PBXGroup;
			children = (
				53F36E201D1ADA7F00C8DBB2 /* Login */,
				53A34BCD1D2010EA0043144E /* Cells */,
				69E4BE6B1D1D1E6800B555FD /* UserInfoManager.h */,
				69E4BE6C1D1D1E6800B555FD /* UserInfoManager.m */,
				53A34BD81D2014D10043144E /* UserInfo.h */,
				53A34BD91D2014D10043144E /* UserInfo.m */,
				53A34BC81D1FC4A60043144E /* UserViewController.h */,
				53A34BC91D1FC4A60043144E /* UserViewController.m */,
				53A34BCA1D1FC4A60043144E /* UserViewController.xib */,
			);
			name = User;
			sourceTree = "<group>";
		};
		53A34BCD1D2010EA0043144E /* Cells */ = {
			isa = PBXGroup;
			children = (
				53A34BCE1D2011370043144E /* UserInfoCommonTableViewCell.h */,
				53A34BCF1D2011370043144E /* UserInfoCommonTableViewCell.m */,
				53A34BD01D2011370043144E /* UserInfoCommonTableViewCell.xib */,
				53A34BD31D20115D0043144E /* UserInfoImageTableViewCell.h */,
				53A34BD41D20115D0043144E /* UserInfoImageTableViewCell.m */,
				53A34BD51D20115D0043144E /* UserInfoImageTableViewCell.xib */,
			);
			name = Cells;
			sourceTree = "<group>";
		};
		53F36E201D1ADA7F00C8DBB2 /* Login */ = {
			isa = PBXGroup;
			children = (
				53F36E211D1ADADB00C8DBB2 /* LoginViewController.h */,
				53F36E221D1ADADB00C8DBB2 /* LoginViewController.m */,
				53F36E231D1ADADB00C8DBB2 /* LoginViewController.xib */,
				53F36E261D1AE2E000C8DBB2 /* RegisterViewController.h */,
				53F36E271D1AE2E000C8DBB2 /* RegisterViewController.m */,
				53F36E281D1AE2E000C8DBB2 /* RegisterViewController.xib */,
			);
			name = Login;
			sourceTree = "<group>";
		};
		69E4BE4E1D1D0EF800B555FD /* HomePage */ = {
			isa = PBXGroup;
			children = (
				69E4BE521D1D107800B555FD /* HomePageViewController.h */,
				69E4BE531D1D107800B555FD /* HomePageViewController.m */,
				69E4BE541D1D107800B555FD /* HomePageViewController.xib */,
			);
			name = HomePage;
			sourceTree = "<group>";
		};
		69E4BE4F1D1D0F0F00B555FD /* Phone */ = {
			isa = PBXGroup;
			children = (
				69E4BE571D1D108C00B555FD /* PhoneViewController.h */,
				69E4BE581D1D108C00B555FD /* PhoneViewController.m */,
				69E4BE591D1D108C00B555FD /* PhoneViewController.xib */,
			);
			name = Phone;
			sourceTree = "<group>";
		};
		69E4BE501D1D0F2A00B555FD /* Contacts */ = {
			isa = PBXGroup;
			children = (
				69E4BE661D1D10DF00B555FD /* ContactsViewController.h */,
				69E4BE671D1D10DF00B555FD /* ContactsViewController.m */,
				69E4BE681D1D10DF00B555FD /* ContactsViewController.xib */,
			);
			name = Contacts;
			sourceTree = "<group>";
		};
		69E4BE511D1D0F4C00B555FD /* CheckIn */ = {
			isa = PBXGroup;
			children = (
				69E4BE611D1D10B300B555FD /* CheckInViewController.h */,
				69E4BE621D1D10B300B555FD /* CheckInViewController.m */,
				69E4BE631D1D10B300B555FD /* CheckInViewController.xib */,
			);
			name = CheckIn;
			sourceTree = "<group>";
		};
		69E6847F1D1E875C0092F031 /* UICategory */ = {
			isa = PBXGroup;
			children = (
				69E684801D1E877B0092F031 /* UIButton+CountDown.h */,
				69E684811D1E877B0092F031 /* UIButton+CountDown.m */,
				69E684831D1E96CE0092F031 /* UIColor+HEX.h */,
				69E684841D1E96CE0092F031 /* UIColor+HEX.m */,
			);
			name = UICategory;
			sourceTree = "<group>";
		};
		7C04FBB41D1A69AF00414252 = {
			isa = PBXGroup;
			children = (
				7C04FBBF1D1A69AF00414252 /* HealthExpo */,
				7C04FBBE1D1A69AF00414252 /* Products */,
				8639F12BFCDBDAB9524DA0FA /* Pods */,
				34861F2DFE51E919EB04A2E6 /* Frameworks */,
			);
			sourceTree = "<group>";
		};
		7C04FBBE1D1A69AF00414252 /* Products */ = {
			isa = PBXGroup;
			children = (
				7C04FBBD1D1A69AF00414252 /* HealthExpo.app */,
			);
			name = Products;
			sourceTree = "<group>";
		};
		7C04FBBF1D1A69AF00414252 /* HealthExpo */ = {
			isa = PBXGroup;
			children = (
				69E6847F1D1E875C0092F031 /* UICategory */,
				69E4BE4E1D1D0EF800B555FD /* HomePage */,
				69E4BE4F1D1D0F0F00B555FD /* Phone */,
				69E4BE501D1D0F2A00B555FD /* Contacts */,
				69E4BE511D1D0F4C00B555FD /* CheckIn */,
				53A34BC71D1FC41F0043144E /* User */,
				7C04FBC31D1A69AF00414252 /* AppDelegate.h */,
				7C04FBC41D1A69AF00414252 /* AppDelegate.m */,
				69E6847C1D1E78880092F031 /* CustomTabBarController.h */,
				69E6847D1D1E78880092F031 /* CustomTabBarController.m */,
				69E6847B1D1E775F0092F031 /* HENotificationKey.h */,
				7C04FBCC1D1A69AF00414252 /* Assets.xcassets */,
				7C04FBCE1D1A69AF00414252 /* LaunchScreen.storyboard */,
				7C04FBD11D1A69AF00414252 /* Info.plist */,
				7C04FBC01D1A69AF00414252 /* Supporting Files */,
			);
			path = HealthExpo;
			sourceTree = "<group>";
		};
		7C04FBC01D1A69AF00414252 /* Supporting Files */ = {
			isa = PBXGroup;
			children = (
				7C04FBC11D1A69AF00414252 /* main.m */,
			);
			name = "Supporting Files";
			sourceTree = "<group>";
		};
		8639F12BFCDBDAB9524DA0FA /* Pods */ = {
			isa = PBXGroup;
			children = (
				BE62231A479DD1F2F8FA84B9 /* Pods.debug.xcconfig */,
				63E82F490416CA25014F41CA /* Pods.release.xcconfig */,
			);
			name = Pods;
			sourceTree = "<group>";
		};
/* End PBXGroup section */

/* Begin PBXNativeTarget section */
		7C04FBBC1D1A69AF00414252 /* HealthExpo */ = {
			isa = PBXNativeTarget;
			buildConfigurationList = 7C04FBD41D1A69AF00414252 /* Build configuration list for PBXNativeTarget "HealthExpo" */;
			buildPhases = (
				5F89490B753D5246C45D9383 /* Check Pods Manifest.lock */,
				7C04FBB91D1A69AF00414252 /* Sources */,
				7C04FBBA1D1A69AF00414252 /* Frameworks */,
				7C04FBBB1D1A69AF00414252 /* Resources */,
				AF5DDE68482EBB38F575B16C /* Embed Pods Frameworks */,
				4CFEFF6D58A9C6A1BF7E0C74 /* Copy Pods Resources */,
			);
			buildRules = (
			);
			dependencies = (
			);
			name = HealthExpo;
			productName = HealthExpo;
			productReference = 7C04FBBD1D1A69AF00414252 /* HealthExpo.app */;
			productType = "com.apple.product-type.application";
		};
/* End PBXNativeTarget section */

/* Begin PBXProject section */
		7C04FBB51D1A69AF00414252 /* Project object */ = {
			isa = PBXProject;
			attributes = {
				LastUpgradeCheck = 0720;
				ORGANIZATIONNAME = AllWantsLab;
				TargetAttributes = {
					7C04FBBC1D1A69AF00414252 = {
						CreatedOnToolsVersion = 7.2;
						DevelopmentTeam = XWV65WS8FZ;
					};
				};
			};
			buildConfigurationList = 7C04FBB81D1A69AF00414252 /* Build configuration list for PBXProject "HealthExpo" */;
			compatibilityVersion = "Xcode 3.2";
			developmentRegion = English;
			hasScannedForEncodings = 0;
			knownRegions = (
				en,
				Base,
			);
			mainGroup = 7C04FBB41D1A69AF00414252;
			productRefGroup = 7C04FBBE1D1A69AF00414252 /* Products */;
			projectDirPath = "";
			projectRoot = "";
			targets = (
				7C04FBBC1D1A69AF00414252 /* HealthExpo */,
			);
		};
/* End PBXProject section */

/* Begin PBXResourcesBuildPhase section */
		7C04FBBB1D1A69AF00414252 /* Resources */ = {
			isa = PBXResourcesBuildPhase;
			buildActionMask = 2147483647;
			files = (
				53F36E251D1ADADB00C8DBB2 /* LoginViewController.xib in Resources */,
				53A34BD71D20115D0043144E /* UserInfoImageTableViewCell.xib in Resources */,
				53A34BD21D2011380043144E /* UserInfoCommonTableViewCell.xib in Resources */,
				53A34BCC1D1FC4A60043144E /* UserViewController.xib in Resources */,
				53F36E2A1D1AE2E000C8DBB2 /* RegisterViewController.xib in Resources */,
				7C04FBD01D1A69AF00414252 /* LaunchScreen.storyboard in Resources */,
				7C04FBCD1D1A69AF00414252 /* Assets.xcassets in Resources */,
				69E4BE6A1D1D10DF00B555FD /* ContactsViewController.xib in Resources */,
				69E4BE5B1D1D108C00B555FD /* PhoneViewController.xib in Resources */,
				69E4BE561D1D107900B555FD /* HomePageViewController.xib in Resources */,
				69E4BE651D1D10B300B555FD /* CheckInViewController.xib in Resources */,
			);
			runOnlyForDeploymentPostprocessing = 0;
		};
/* End PBXResourcesBuildPhase section */

/* Begin PBXShellScriptBuildPhase section */
		4CFEFF6D58A9C6A1BF7E0C74 /* Copy Pods Resources */ = {
			isa = PBXShellScriptBuildPhase;
			buildActionMask = 2147483647;
			files = (
			);
			inputPaths = (
			);
			name = "Copy Pods Resources";
			outputPaths = (
			);
			runOnlyForDeploymentPostprocessing = 0;
			shellPath = /bin/sh;
			shellScript = "\"${SRCROOT}/Pods/Target Support Files/Pods/Pods-resources.sh\"\n";
			showEnvVarsInLog = 0;
		};
		5F89490B753D5246C45D9383 /* Check Pods Manifest.lock */ = {
			isa = PBXShellScriptBuildPhase;
			buildActionMask = 2147483647;
			files = (
			);
			inputPaths = (
			);
			name = "Check Pods Manifest.lock";
			outputPaths = (
			);
			runOnlyForDeploymentPostprocessing = 0;
			shellPath = /bin/sh;
			shellScript = "diff \"${PODS_ROOT}/../Podfile.lock\" \"${PODS_ROOT}/Manifest.lock\" > /dev/null\nif [[ $? != 0 ]] ; then\n    cat << EOM\nerror: The sandbox is not in sync with the Podfile.lock. Run 'pod install' or update your CocoaPods installation.\nEOM\n    exit 1\nfi\n";
			showEnvVarsInLog = 0;
		};
		AF5DDE68482EBB38F575B16C /* Embed Pods Frameworks */ = {
			isa = PBXShellScriptBuildPhase;
			buildActionMask = 2147483647;
			files = (
			);
			inputPaths = (
			);
			name = "Embed Pods Frameworks";
			outputPaths = (
			);
			runOnlyForDeploymentPostprocessing = 0;
			shellPath = /bin/sh;
			shellScript = "\"${SRCROOT}/Pods/Target Support Files/Pods/Pods-frameworks.sh\"\n";
			showEnvVarsInLog = 0;
		};
/* End PBXShellScriptBuildPhase section */

/* Begin PBXSourcesBuildPhase section */
		7C04FBB91D1A69AF00414252 /* Sources */ = {
			isa = PBXSourcesBuildPhase;
			buildActionMask = 2147483647;
			files = (
				53A34BDA1D2014D10043144E /* UserInfo.m in Sources */,
				53F36E291D1AE2E000C8DBB2 /* RegisterViewController.m in Sources */,
				69E684851D1E96CE0092F031 /* UIColor+HEX.m in Sources */,
				69E4BE6D1D1D1E6800B555FD /* UserInfoManager.m in Sources */,
				53A34BD61D20115D0043144E /* UserInfoImageTableViewCell.m in Sources */,
				53F36E241D1ADADB00C8DBB2 /* LoginViewController.m in Sources */,
				69E4BE551D1D107800B555FD /* HomePageViewController.m in Sources */,
				69E4BE641D1D10B300B555FD /* CheckInViewController.m in Sources */,
				7C04FBC51D1A69AF00414252 /* AppDelegate.m in Sources */,
				7C04FBC21D1A69AF00414252 /* main.m in Sources */,
				69E684821D1E877B0092F031 /* UIButton+CountDown.m in Sources */,
				69E4BE691D1D10DF00B555FD /* ContactsViewController.m in Sources */,
				69E6847E1D1E78880092F031 /* CustomTabBarController.m in Sources */,
				53A34BD11D2011380043144E /* UserInfoCommonTableViewCell.m in Sources */,
				53A34BCB1D1FC4A60043144E /* UserViewController.m in Sources */,
				69E4BE5A1D1D108C00B555FD /* PhoneViewController.m in Sources */,
			);
			runOnlyForDeploymentPostprocessing = 0;
		};
/* End PBXSourcesBuildPhase section */

/* Begin PBXVariantGroup section */
		7C04FBCE1D1A69AF00414252 /* LaunchScreen.storyboard */ = {
			isa = PBXVariantGroup;
			children = (
				7C04FBCF1D1A69AF00414252 /* Base */,
			);
			name = LaunchScreen.storyboard;
			sourceTree = "<group>";
		};
/* End PBXVariantGroup section */

/* Begin XCBuildConfiguration section */
		7C04FBD21D1A69AF00414252 /* Debug */ = {
			isa = XCBuildConfiguration;
			buildSettings = {
				ALWAYS_SEARCH_USER_PATHS = NO;
				CLANG_CXX_LANGUAGE_STANDARD = "gnu++0x";
				CLANG_CXX_LIBRARY = "libc++";
				CLANG_ENABLE_MODULES = YES;
				CLANG_ENABLE_OBJC_ARC = YES;
				CLANG_WARN_BOOL_CONVERSION = YES;
				CLANG_WARN_CONSTANT_CONVERSION = YES;
				CLANG_WARN_DIRECT_OBJC_ISA_USAGE = YES_ERROR;
				CLANG_WARN_EMPTY_BODY = YES;
				CLANG_WARN_ENUM_CONVERSION = YES;
				CLANG_WARN_INT_CONVERSION = YES;
				CLANG_WARN_OBJC_ROOT_CLASS = YES_ERROR;
				CLANG_WARN_UNREACHABLE_CODE = YES;
				CLANG_WARN__DUPLICATE_METHOD_MATCH = YES;
				"CODE_SIGN_IDENTITY[sdk=iphoneos*]" = "iPhone Developer";
				COPY_PHASE_STRIP = NO;
				DEBUG_INFORMATION_FORMAT = dwarf;
				ENABLE_STRICT_OBJC_MSGSEND = YES;
				ENABLE_TESTABILITY = YES;
				GCC_C_LANGUAGE_STANDARD = gnu99;
				GCC_DYNAMIC_NO_PIC = NO;
				GCC_NO_COMMON_BLOCKS = YES;
				GCC_OPTIMIZATION_LEVEL = 0;
				GCC_PREPROCESSOR_DEFINITIONS = (
					"DEBUG=1",
					"$(inherited)",
				);
				GCC_WARN_64_TO_32_BIT_CONVERSION = YES;
				GCC_WARN_ABOUT_RETURN_TYPE = YES_ERROR;
				GCC_WARN_UNDECLARED_SELECTOR = YES;
				GCC_WARN_UNINITIALIZED_AUTOS = YES_AGGRESSIVE;
				GCC_WARN_UNUSED_FUNCTION = YES;
				GCC_WARN_UNUSED_VARIABLE = YES;
				IPHONEOS_DEPLOYMENT_TARGET = 9.2;
				MTL_ENABLE_DEBUG_INFO = YES;
				ONLY_ACTIVE_ARCH = YES;
				SDKROOT = iphoneos;
				TARGETED_DEVICE_FAMILY = "1,2";
			};
			name = Debug;
		};
		7C04FBD31D1A69AF00414252 /* Release */ = {
			isa = XCBuildConfiguration;
			buildSettings = {
				ALWAYS_SEARCH_USER_PATHS = NO;
				CLANG_CXX_LANGUAGE_STANDARD = "gnu++0x";
				CLANG_CXX_LIBRARY = "libc++";
				CLANG_ENABLE_MODULES = YES;
				CLANG_ENABLE_OBJC_ARC = YES;
				CLANG_WARN_BOOL_CONVERSION = YES;
				CLANG_WARN_CONSTANT_CONVERSION = YES;
				CLANG_WARN_DIRECT_OBJC_ISA_USAGE = YES_ERROR;
				CLANG_WARN_EMPTY_BODY = YES;
				CLANG_WARN_ENUM_CONVERSION = YES;
				CLANG_WARN_INT_CONVERSION = YES;
				CLANG_WARN_OBJC_ROOT_CLASS = YES_ERROR;
				CLANG_WARN_UNREACHABLE_CODE = YES;
				CLANG_WARN__DUPLICATE_METHOD_MATCH = YES;
				"CODE_SIGN_IDENTITY[sdk=iphoneos*]" = "iPhone Developer";
				COPY_PHASE_STRIP = NO;
				DEBUG_INFORMATION_FORMAT = "dwarf-with-dsym";
				ENABLE_NS_ASSERTIONS = NO;
				ENABLE_STRICT_OBJC_MSGSEND = YES;
				GCC_C_LANGUAGE_STANDARD = gnu99;
				GCC_NO_COMMON_BLOCKS = YES;
				GCC_WARN_64_TO_32_BIT_CONVERSION = YES;
				GCC_WARN_ABOUT_RETURN_TYPE = YES_ERROR;
				GCC_WARN_UNDECLARED_SELECTOR = YES;
				GCC_WARN_UNINITIALIZED_AUTOS = YES_AGGRESSIVE;
				GCC_WARN_UNUSED_FUNCTION = YES;
				GCC_WARN_UNUSED_VARIABLE = YES;
				IPHONEOS_DEPLOYMENT_TARGET = 9.2;
				MTL_ENABLE_DEBUG_INFO = NO;
				SDKROOT = iphoneos;
				TARGETED_DEVICE_FAMILY = "1,2";
				VALIDATE_PRODUCT = YES;
			};
			name = Release;
		};
		7C04FBD51D1A69AF00414252 /* Debug */ = {
			isa = XCBuildConfiguration;
			baseConfigurationReference = BE62231A479DD1F2F8FA84B9 /* Pods.debug.xcconfig */;
			buildSettings = {
				ASSETCATALOG_COMPILER_APPICON_NAME = AppIcon;
				CODE_SIGN_IDENTITY = "iPhone Developer";
				INFOPLIST_FILE = HealthExpo/Info.plist;
				IPHONEOS_DEPLOYMENT_TARGET = 8.0;
				LD_RUNPATH_SEARCH_PATHS = "$(inherited) @executable_path/Frameworks";
				PRODUCT_BUNDLE_IDENTIFIER = xu.wei.HealthExpo;
				PRODUCT_NAME = "$(TARGET_NAME)";
			};
			name = Debug;
		};
		7C04FBD61D1A69AF00414252 /* Release */ = {
			isa = XCBuildConfiguration;
			baseConfigurationReference = 63E82F490416CA25014F41CA /* Pods.release.xcconfig */;
			buildSettings = {
				ASSETCATALOG_COMPILER_APPICON_NAME = AppIcon;
				CODE_SIGN_IDENTITY = "iPhone Developer";
				INFOPLIST_FILE = HealthExpo/Info.plist;
				IPHONEOS_DEPLOYMENT_TARGET = 8.0;
				LD_RUNPATH_SEARCH_PATHS = "$(inherited) @executable_path/Frameworks";
				PRODUCT_BUNDLE_IDENTIFIER = xu.wei.HealthExpo;
				PRODUCT_NAME = "$(TARGET_NAME)";
			};
			name = Release;
		};
/* End XCBuildConfiguration section */

/* Begin XCConfigurationList section */
		7C04FBB81D1A69AF00414252 /* Build configuration list for PBXProject "HealthExpo" */ = {
			isa = XCConfigurationList;
			buildConfigurations = (
				7C04FBD21D1A69AF00414252 /* Debug */,
				7C04FBD31D1A69AF00414252 /* Release */,
			);
			defaultConfigurationIsVisible = 0;
			defaultConfigurationName = Release;
		};
		7C04FBD41D1A69AF00414252 /* Build configuration list for PBXNativeTarget "HealthExpo" */ = {
			isa = XCConfigurationList;
			buildConfigurations = (
				7C04FBD51D1A69AF00414252 /* Debug */,
				7C04FBD61D1A69AF00414252 /* Release */,
			);
			defaultConfigurationIsVisible = 0;
			defaultConfigurationName = Release;
		};
/* End XCConfigurationList section */
	};
	rootObject = 7C04FBB51D1A69AF00414252 /* Project object */;
}
